
Microsoft Visual Studio Solution File, Format Version 12.00
# SQL Server Management Studio Version 21
VisualStudioVersion = 17.14.36127.28 d17.14
MinimumVisualStudioVersion = 10.0.40219.1
Project("{4F2E2C19-372F-40D8-9FA7-9D2138C6997A}") = "DEADLOCK DEATECTIVE", "DEADLOCK DEATECTIVE.ssmssqlproj", "{B11E5B5D-1B98-2ADF-054F-9E7E6EDC72FF}"
EndProject
Global
	GlobalSection(SolutionConfigurationPlatforms) = preSolution
		Default|Default = Default|Default
	EndGlobalSection
	GlobalSection(ProjectConfigurationPlatforms) = postSolution
		{B11E5B5D-1B98-2ADF-054F-9E7E6EDC72FF}.Default|Default.ActiveCfg = Default
	EndGlobalSection
	GlobalSection(SolutionProperties) = preSolution
		HideSolutionNode = FALSE
	EndGlobalSection
	GlobalSection(ExtensibilityGlobals) = postSolution
		SolutionGuid = {AEF0623E-B2E1-4842-9C00-947B698446F7}
	EndGlobalSection
EndGlobal
